// !$*UTF8*$!
{
	archiveVersion = 1;
	classes = {
	};
	objectVersion = 50;
	objects = {

/* Begin PBXBuildFile section */
		1044316120D8004E004CDFEB /* AppDelegate.swift in Sources */ = {isa = PBXBuildFile; fileRef = 1044316020D8004E004CDFEB /* AppDelegate.swift */; };
		1044316320D8004E004CDFEB /* ViewController.swift in Sources */ = {isa = PBXBuildFile; fileRef = 1044316220D8004E004CDFEB /* ViewController.swift */; };
		1044316820D80050004CDFEB /* Assets.xcassets in Resources */ = {isa = PBXBuildFile; fileRef = 1044316720D80050004CDFEB /* Assets.xcassets */; };
		1044316B20D80050004CDFEB /* LaunchScreen.storyboard in Resources */ = {isa = PBXBuildFile; fileRef = 1044316920D80050004CDFEB /* LaunchScreen.storyboard */; };
		DC23C204210AF6F500DC33BD /* CollectionViewCell.swift in Sources */ = {isa = PBXBuildFile; fileRef = DC23C203210AF6F500DC33BD /* CollectionViewCell.swift */; };
		DC23C206210B0EEE00DC33BD /* Interactor.swift in Sources */ = {isa = PBXBuildFile; fileRef = DC23C205210B0EEE00DC33BD /* Interactor.swift */; };
		DC280C64210893DD008F1468 /* Main.storyboard in Resources */ = {isa = PBXBuildFile; fileRef = DC280C62210893DD008F1468 /* Main.storyboard */; };
		DC6FE278211002A7009B7955 /* Presenter.swift in Sources */ = {isa = PBXBuildFile; fileRef = DC6FE277211002A7009B7955 /* Presenter.swift */; };
/* End PBXBuildFile section */

/* Begin PBXFileReference section */
		1044315D20D8004E004CDFEB /* Ten.app */ = {isa = PBXFileReference; explicitFileType = wrapper.application; includeInIndex = 0; path = Ten.app; sourceTree = BUILT_PRODUCTS_DIR; };
		1044316020D8004E004CDFEB /* AppDelegate.swift */ = {isa = PBXFileReference; lastKnownFileType = sourcecode.swift; path = AppDelegate.swift; sourceTree = "<group>"; };
		1044316220D8004E004CDFEB /* ViewController.swift */ = {isa = PBXFileReference; lastKnownFileType = sourcecode.swift; path = ViewController.swift; sourceTree = "<group>"; };
		1044316720D80050004CDFEB /* Assets.xcassets */ = {isa = PBXFileReference; lastKnownFileType = folder.assetcatalog; path = Assets.xcassets; sourceTree = "<group>"; };
		1044316A20D80050004CDFEB /* Base */ = {isa = PBXFileReference; lastKnownFileType = file.storyboard; name = Base; path = Base.lproj/LaunchScreen.storyboard; sourceTree = "<group>"; };
		1044316C20D80050004CDFEB /* Info.plist */ = {isa = PBXFileReference; lastKnownFileType = text.plist.xml; path = Info.plist; sourceTree = "<group>"; };
		DC23C203210AF6F500DC33BD /* CollectionViewCell.swift */ = {isa = PBXFileReference; lastKnownFileType = sourcecode.swift; path = CollectionViewCell.swift; sourceTree = "<group>"; };
		DC23C205210B0EEE00DC33BD /* Interactor.swift */ = {isa = PBXFileReference; lastKnownFileType = sourcecode.swift; path = Interactor.swift; sourceTree = "<group>"; };
		DC280C63210893DD008F1468 /* Base */ = {isa = PBXFileReference; lastKnownFileType = file.storyboard; name = Base; path = Base.lproj/Main.storyboard; sourceTree = "<group>"; };
		DC6FE277211002A7009B7955 /* Presenter.swift */ = {isa = PBXFileReference; lastKnownFileType = sourcecode.swift; path = Presenter.swift; sourceTree = "<group>"; };
/* End PBXFileReference section */

/* Begin PBXFrameworksBuildPhase section */
		1044315A20D8004E004CDFEB /* Frameworks */ = {
			isa = PBXFrameworksBuildPhase;
			buildActionMask = 2147483647;
			files = (
			);
			runOnlyForDeploymentPostprocessing = 0;
		};
/* End PBXFrameworksBuildPhase section */

/* Begin PBXGroup section */
		1044315420D8004E004CDFEB = {
			isa = PBXGroup;
			children = (
				1044315F20D8004E004CDFEB /* Ten */,
				1044315E20D8004E004CDFEB /* Products */,
			);
			sourceTree = "<group>";
		};
		1044315E20D8004E004CDFEB /* Products */ = {
			isa = PBXGroup;
			children = (
				1044315D20D8004E004CDFEB /* Ten.app */,
			);
			name = Products;
			sourceTree = "<group>";
		};
		1044315F20D8004E004CDFEB /* Ten */ = {
			isa = PBXGroup;
			children = (
				DC6FE276210ED6D5009B7955 /* Res */,
				DC6FE275210ED6CC009B7955 /* Code */,
				1044316020D8004E004CDFEB /* AppDelegate.swift */,
			);
			path = Ten;
			sourceTree = "<group>";
		};
		DC6FE275210ED6CC009B7955 /* Code */ = {
			isa = PBXGroup;
			children = (
				DC23C203210AF6F500DC33BD /* CollectionViewCell.swift */,
				1044316220D8004E004CDFEB /* ViewController.swift */,
				DC6FE277211002A7009B7955 /* Presenter.swift */,
				DC23C205210B0EEE00DC33BD /* Interactor.swift */,
			);
			path = Code;
			sourceTree = "<group>";
		};
		DC6FE276210ED6D5009B7955 /* Res */ = {
			isa = PBXGroup;
			children = (
				1044316C20D80050004CDFEB /* Info.plist */,
				1044316720D80050004CDFEB /* Assets.xcassets */,
				DC280C62210893DD008F1468 /* Main.storyboard */,
				1044316920D80050004CDFEB /* LaunchScreen.storyboard */,
			);
			path = Res;
			sourceTree = "<group>";
		};
/* End PBXGroup section */

/* Begin PBXNativeTarget section */
		1044315C20D8004E004CDFEB /* Ten */ = {
			isa = PBXNativeTarget;
			buildConfigurationList = 1044316F20D80050004CDFEB /* Build configuration list for PBXNativeTarget "Ten" */;
			buildPhases = (
				1044315920D8004E004CDFEB /* Sources */,
				1044315A20D8004E004CDFEB /* Frameworks */,
				1044315B20D8004E004CDFEB /* Resources */,
			);
			buildRules = (
			);
			dependencies = (
			);
			name = Ten;
			productName = Ten;
			productReference = 1044315D20D8004E004CDFEB /* Ten.app */;
			productType = "com.apple.product-type.application";
		};
/* End PBXNativeTarget section */

/* Begin PBXProject section */
		1044315520D8004E004CDFEB /* Project object */ = {
			isa = PBXProject;
			attributes = {
				LastSwiftUpdateCheck = 0940;
				LastUpgradeCheck = 0940;
				ORGANIZATIONNAME = "Alexandra Gorshkova";
				TargetAttributes = {
					1044315C20D8004E004CDFEB = {
						CreatedOnToolsVersion = 9.4.1;
					};
				};
			};
			buildConfigurationList = 1044315820D8004E004CDFEB /* Build configuration list for PBXProject "Ten" */;
			compatibilityVersion = "Xcode 9.3";
			developmentRegion = en;
			hasScannedForEncodings = 0;
			knownRegions = (
				en,
				Base,
			);
			mainGroup = 1044315420D8004E004CDFEB;
			productRefGroup = 1044315E20D8004E004CDFEB /* Products */;
			projectDirPath = "";
			projectRoot = "";
			targets = (
				1044315C20D8004E004CDFEB /* Ten */,
			);
		};
/* End PBXProject section */

/* Begin PBXResourcesBuildPhase section */
		1044315B20D8004E004CDFEB /* Resources */ = {
			isa = PBXResourcesBuildPhase;
			buildActionMask = 2147483647;
			files = (
				DC280C64210893DD008F1468 /* Main.storyboard in Resources */,
				1044316B20D80050004CDFEB /* LaunchScreen.storyboard in Resources */,
				1044316820D80050004CDFEB /* Assets.xcassets in Resources */,
			);
			runOnlyForDeploymentPostprocessing = 0;
		};
/* End PBXResourcesBuildPhase section */

/* Begin PBXSourcesBuildPhase section */
		1044315920D8004E004CDFEB /* Sources */ = {
			isa = PBXSourcesBuildPhase;
			buildActionMask = 2147483647;
			files = (
				1044316320D8004E004CDFEB /* ViewController.swift in Sources */,
				DC23C206210B0EEE00DC33BD /* Interactor.swift in Sources */,
				1044316120D8004E004CDFEB /* AppDelegate.swift in Sources */,
				DC23C204210AF6F500DC33BD /* CollectionViewCell.swift in Sources */,
				DC6FE278211002A7009B7955 /* Presenter.swift in Sources */,
			);
			runOnlyForDeploymentPostprocessing = 0;
		};
/* End PBXSourcesBuildPhase section */

/* Begin PBXVariantGroup section */
		1044316920D80050004CDFEB /* LaunchScreen.storyboard */ = {
			isa = PBXVariantGroup;
			children = (
				1044316A20D80050004CDFEB /* Base */,
			);
			name = LaunchScreen.storyboard;
			sourceTree = "<group>";
		};
		DC280C62210893DD008F1468 /* Main.storyboard */ = {
			isa = PBXVariantGroup;
			children = (
				DC280C63210893DD008F1468 /* Base */,
			);
			name = Main.storyboard;
			sourceTree = "<group>";
		};
/* End PBXVariantGroup section */

/* Begin XCBuildConfiguration section */
		1044316D20D80050004CDFEB /* Debug */ = {
			isa = XCBuildConfiguration;
			buildSettings = {
				ALWAYS_SEARCH_USER_PATHS = NO;
				CLANG_ANALYZER_NONNULL = YES;
				CLANG_ANALYZER_NUMBER_OBJECT_CONVERSION = YES_AGGRESSIVE;
				CLANG_CXX_LANGUAGE_STANDARD = "gnu++14";
				CLANG_CXX_LIBRARY = "libc++";
				CLANG_ENABLE_MODULES = YES;
				CLANG_ENABLE_OBJC_ARC = YES;
				CLANG_ENABLE_OBJC_WEAK = YES;
				CLANG_WARN_BLOCK_CAPTURE_AUTORELEASING = YES;
				CLANG_WARN_BOOL_CONVERSION = YES;
				CLANG_WARN_COMMA = YES;
				CLANG_WARN_CONSTANT_CONVERSION = YES;
				CLANG_WARN_DEPRECATED_OBJC_IMPLEMENTATIONS = YES;
				CLANG_WARN_DIRECT_OBJC_ISA_USAGE = YES_ERROR;
				CLANG_WARN_DOCUMENTATION_COMMENTS = YES;
				CLANG_WARN_EMPTY_BODY = YES;
				CLANG_WARN_ENUM_CONVERSION = YES;
				CLANG_WARN_INFINITE_RECURSION = YES;
				CLANG_WARN_INT_CONVERSION = YES;
				CLANG_WARN_NON_LITERAL_NULL_CONVERSION = YES;
				CLANG_WARN_OBJC_IMPLICIT_RETAIN_SELF = YES;
				CLANG_WARN_OBJC_LITERAL_CONVERSION = YES;
				CLANG_WARN_OBJC_ROOT_CLASS = YES_ERROR;
				CLANG_WARN_RANGE_LOOP_ANALYSIS = YES;
				CLANG_WARN_STRICT_PROTOTYPES = YES;
				CLANG_WARN_SUSPICIOUS_MOVE = YES;
				CLANG_WARN_UNGUARDED_AVAILABILITY = YES_AGGRESSIVE;
				CLANG_WARN_UNREACHABLE_CODE = YES;
				CLANG_WARN__DUPLICATE_METHOD_MATCH = YES;
				CODE_SIGN_IDENTITY = "iPhone Developer";
				COPY_PHASE_STRIP = NO;
				DEBUG_INFORMATION_FORMAT = dwarf;
				ENABLE_STRICT_OBJC_MSGSEND = YES;
				ENABLE_TESTABILITY = YES;
				GCC_C_LANGUAGE_STANDARD = gnu11;
				GCC_DYNAMIC_NO_PIC = NO;
				GCC_NO_COMMON_BLOCKS = YES;
				GCC_OPTIMIZATION_LEVEL = 0;
				GCC_PREPROCESSOR_DEFINITIONS = (
					"DEBUG=1",
					"$(inherited)",
				);
				GCC_WARN_64_TO_32_BIT_CONVERSION = YES;
				GCC_WARN_ABOUT_RETURN_TYPE = YES_ERROR;
				GCC_WARN_UNDECLARED_SELECTOR = YES;
				GCC_WARN_UNINITIALIZED_AUTOS = YES_AGGRESSIVE;
				GCC_WARN_UNUSED_FUNCTION = YES;
				GCC_WARN_UNUSED_VARIABLE = YES;
				IPHONEOS_DEPLOYMENT_TARGET = 11.4;
				MTL_ENABLE_DEBUG_INFO = YES;
				ONLY_ACTIVE_ARCH = YES;
				SDKROOT = iphoneos;
				SWIFT_ACTIVE_COMPILATION_CONDITIONS = DEBUG;
				SWIFT_OPTIMIZATION_LEVEL = "-Onone";
			};
			name = Debug;
		};
		1044316E20D80050004CDFEB /* Release */ = {
			isa = XCBuildConfiguration;
			buildSettings = {
				ALWAYS_SEARCH_USER_PATHS = NO;
				CLANG_ANALYZER_NONNULL = YES;
				CLANG_ANALYZER_NUMBER_OBJECT_CONVERSION = YES_AGGRESSIVE;
				CLANG_CXX_LANGUAGE_STANDARD = "gnu++14";
				CLANG_CXX_LIBRARY = "libc++";
				CLANG_ENABLE_MODULES = YES;
				CLANG_ENABLE_OBJC_ARC = YES;
				CLANG_ENABLE_OBJC_WEAK = YES;
				CLANG_WARN_BLOCK_CAPTURE_AUTORELEASING = YES;
				CLANG_WARN_BOOL_CONVERSION = YES;
				CLANG_WARN_COMMA = YES;
				CLANG_WARN_CONSTANT_CONVERSION = YES;
				CLANG_WARN_DEPRECATED_OBJC_IMPLEMENTATIONS = YES;
				CLANG_WARN_DIRECT_OBJC_ISA_USAGE = YES_ERROR;
				CLANG_WARN_DOCUMENTATION_COMMENTS = YES;
				CLANG_WARN_EMPTY_BODY = YES;
				CLANG_WARN_ENUM_CONVERSION = YES;
				CLANG_WARN_INFINITE_RECURSION = YES;
				CLANG_WARN_INT_CONVERSION = YES;
				CLANG_WARN_NON_LITERAL_NULL_CONVERSION = YES;
				CLANG_WARN_OBJC_IMPLICIT_RETAIN_SELF = YES;
				CLANG_WARN_OBJC_LITERAL_CONVERSION = YES;
				CLANG_WARN_OBJC_ROOT_CLASS = YES_ERROR;
				CLANG_WARN_RANGE_LOOP_ANALYSIS = YES;
				CLANG_WARN_STRICT_PROTOTYPES = YES;
				CLANG_WARN_SUSPICIOUS_MOVE = YES;
				CLANG_WARN_UNGUARDED_AVAILABILITY = YES_AGGRESSIVE;
				CLANG_WARN_UNREACHABLE_CODE = YES;
				CLANG_WARN__DUPLICATE_METHOD_MATCH = YES;
				CODE_SIGN_IDENTITY = "iPhone Developer";
				COPY_PHASE_STRIP = NO;
				DEBUG_INFORMATION_FORMAT = "dwarf-with-dsym";
				ENABLE_NS_ASSERTIONS = NO;
				ENABLE_STRICT_OBJC_MSGSEND = YES;
				GCC_C_LANGUAGE_STANDARD = gnu11;
				GCC_NO_COMMON_BLOCKS = YES;
				GCC_WARN_64_TO_32_BIT_CONVERSION = YES;
				GCC_WARN_ABOUT_RETURN_TYPE = YES_ERROR;
				GCC_WARN_UNDECLARED_SELECTOR = YES;
				GCC_WARN_UNINITIALIZED_AUTOS = YES_AGGRESSIVE;
				GCC_WARN_UNUSED_FUNCTION = YES;
				GCC_WARN_UNUSED_VARIABLE = YES;
				IPHONEOS_DEPLOYMENT_TARGET = 11.4;
				MTL_ENABLE_DEBUG_INFO = NO;
				SDKROOT = iphoneos;
				SWIFT_COMPILATION_MODE = wholemodule;
				SWIFT_OPTIMIZATION_LEVEL = "-O";
				VALIDATE_PRODUCT = YES;
			};
			name = Release;
		};
		1044317020D80050004CDFEB /* Debug */ = {
			isa = XCBuildConfiguration;
			buildSettings = {
				ASSETCATALOG_COMPILER_APPICON_NAME = AppIcon;
				CODE_SIGN_STYLE = Automatic;
				INFOPLIST_FILE = Ten/Res/Info.plist;
				LD_RUNPATH_SEARCH_PATHS = (
					"$(inherited)",
					"@executable_path/Frameworks",
				);
				PRODUCT_BUNDLE_IDENTIFIER = baze.Ten;
				PRODUCT_NAME = "$(TARGET_NAME)";
				SWIFT_VERSION = 4.0;
				TARGETED_DEVICE_FAMILY = "1,2";
			};
			name = Debug;
		};
		1044317120D80050004CDFEB /* Release */ = {
			isa = XCBuildConfiguration;
			buildSettings = {
				ASSETCATALOG_COMPILER_APPICON_NAME = AppIcon;
				CODE_SIGN_STYLE = Automatic;
				INFOPLIST_FILE = Ten/Res/Info.plist;
				LD_RUNPATH_SEARCH_PATHS = (
					"$(inherited)",
					"@executable_path/Frameworks",
				);
				PRODUCT_BUNDLE_IDENTIFIER = baze.Ten;
				PRODUCT_NAME = "$(TARGET_NAME)";
				SWIFT_VERSION = 4.0;
				TARGETED_DEVICE_FAMILY = "1,2";
			};
			name = Release;
		};
/* End XCBuildConfiguration section */

/* Begin XCConfigurationList section */
		1044315820D8004E004CDFEB /* Build configuration list for PBXProject "Ten" */ = {
			isa = XCConfigurationList;
			buildConfigurations = (
				1044316D20D80050004CDFEB /* Debug */,
				1044316E20D80050004CDFEB /* Release */,
			);
			defaultConfigurationIsVisible = 0;
			defaultConfigurationName = Release;
		};
		1044316F20D80050004CDFEB /* Build configuration list for PBXNativeTarget "Ten" */ = {
			isa = XCConfigurationList;
			buildConfigurations = (
				1044317020D80050004CDFEB /* Debug */,
				1044317120D80050004CDFEB /* Release */,
			);
			defaultConfigurationIsVisible = 0;
			defaultConfigurationName = Release;
		};
/* End XCConfigurationList section */
	};
	rootObject = 1044315520D8004E004CDFEB /* Project object */;
}
